
Microsoft Visual Studio Solution File, Format Version 12.00
# Visual Studio 15
VisualStudioVersion = 15.0.28010.2050
MinimumVisualStudioVersion = 10.0.40219.1
Project("{FAE04EC0-301F-11D3-BF4B-00C04F79EFBC}") = "Zteam", "Zteam\Zteam.csproj", "{E893D520-2110-4ECB-94AA-F7D08E175BAC}"
EndProject
Global
	GlobalSection(SolutionConfigurationPlatforms) = preSolution
		Debug|Any CPU = Debug|Any CPU
		Release|Any CPU = Release|Any CPU
	EndGlobalSection
	GlobalSection(ProjectConfigurationPlatforms) = postSolution
		{E893D520-2110-4ECB-94AA-F7D08E175BAC}.Debug|Any CPU.ActiveCfg = Debug|Any CPU
		{E893D520-2110-4ECB-94AA-F7D08E175BAC}.Debug|Any CPU.Build.0 = Debug|Any CPU
		{E893D520-2110-4ECB-94AA-F7D08E175BAC}.Release|Any CPU.ActiveCfg = Release|Any CPU
		{E893D520-2110-4ECB-94AA-F7D08E175BAC}.Release|Any CPU.Build.0 = Release|Any CPU
	EndGlobalSection
	GlobalSection(SolutionProperties) = preSolution
		HideSolutionNode = FALSE
	EndGlobalSection
	GlobalSection(ExtensibilityGlobals) = postSolution
		SolutionGuid = {4DCC5E9E-94D1-457D-888E-122F26BC321F}
	EndGlobalSection
EndGlobal
